# THIS IS AN AUTOGENERATED FILE. DO NOT EDIT THIS FILE DIRECTLY.
# yarn lockfile v1


axentix@^2.2.1:
  version "2.2.1"
  resolved "https://registry.yarnpkg.com/axentix/-/axentix-2.2.1.tgz#066e03d9950033410f2ca3c3f8e219097aa21301"
  integrity sha512-+QPbwLfC+zXvQ+gpCyT9lr4MKLg7THaMbmFubeRhbF99cw762zoOMfouNcl4aGtast2gDfK3qWhMtRA/vPC5fA==
